{
  "name": "batched-jpg-modifier",
  "version": "1.0.0",
  "lockfileVersion": 1,
  "requires": true,
  "dependencies": {
    "@photostructure/tz-lookup": {
      "version": "7.0.0",
      "resolved": "https://registry.npmjs.org/@photostructure/tz-lookup/-/tz-lookup-7.0.0.tgz",
      "integrity": "sha512-pTRsZz7Sn4yAtItC7I4+0segDHosMyOtJgAXg+xvDOolT0Xz4IFWqBV33OMCWoaNd3oQb60wbWhLeCQgJCyZAA=="
    },
    "@types/luxon": {
      "version": "3.2.0",
      "resolved": "https://registry.npmjs.org/@types/luxon/-/luxon-3.2.0.tgz",
      "integrity": "sha512-lGmaGFoaXHuOLXFvuju2bfvZRqxAqkHPx9Y9IQdQABrinJJshJwfNCKV+u7rR3kJbiqfTF/NhOkcxxAFrObyaA=="
    },
    "batch-cluster": {
      "version": "11.0.0",
      "resolved": "https://registry.npmjs.org/batch-cluster/-/batch-cluster-11.0.0.tgz",
      "integrity": "sha512-8iwqa+rKTaakOHkqdcXDT5L5117pa+FoP8/yAKpNdL44ZnC4V2NEA/sIg0ZO0O9NkpdjLk0A3efRFM5nVizqHw=="
    },
    "exiftool-vendored": {
      "version": "18.6.0",
      "resolved": "https://registry.npmjs.org/exiftool-vendored/-/exiftool-vendored-18.6.0.tgz",
      "integrity": "sha512-5mDYKq7VMPuyFilXicSLZph1One/ynKUA+KJxt9seKDXzsx+kcfWGz7BzaCApJTdenV1hb8vEZY6dQ/YetOvHg==",
      "requires": {
        "@photostructure/tz-lookup": "^7.0.0",
        "@types/luxon": "^3.1.0",
        "batch-cluster": "^11.0.0",
        "exiftool-vendored.exe": "12.50.0",
        "exiftool-vendored.pl": "12.50.0",
        "he": "^1.2.0",
        "luxon": "^3.1.0"
      }
    },
    "exiftool-vendored.exe": {
      "version": "12.50.0",
      "resolved": "https://registry.npmjs.org/exiftool-vendored.exe/-/exiftool-vendored.exe-12.50.0.tgz",
      "integrity": "sha512-V14ucZUVw1az/FVi6jO2KcKKLWRQKByC1K7xOYdpQJEP9hEIr+tHJdVCwldpd9NBysacAlBTHpHRaTYUXyIMJw==",
      "optional": true
    },
    "exiftool-vendored.pl": {
      "version": "12.50.0",
      "resolved": "https://registry.npmjs.org/exiftool-vendored.pl/-/exiftool-vendored.pl-12.50.0.tgz",
      "integrity": "sha512-QwIPI1+RLM8cJyKgolvz7d9mrdPxB9b6VxIngheUn+92QUT0ZVQZJ/g57zX6Uh5qQaCISsyQU1uARcRAHhFlGg==",
      "optional": true
    },
    "find": {
      "version": "0.3.0",
      "resolved": "https://registry.npmjs.org/find/-/find-0.3.0.tgz",
      "integrity": "sha512-iSd+O4OEYV/I36Zl8MdYJO0xD82wH528SaCieTVHhclgiYNe9y+yPKSwK+A7/WsmHL1EZ+pYUJBXWTL5qofksw==",
      "requires": {
        "traverse-chain": "~0.1.0"
      }
    },
    "he": {
      "version": "1.2.0",
      "resolved": "https://registry.npmjs.org/he/-/he-1.2.0.tgz",
      "integrity": "sha512-F/1DnUGPopORZi0ni+CvrCgHQ5FyEAHRLSApuYWMmrbSwoN2Mn/7k+Gl38gJnR7yyDZk6WLXwiGod1JOWNDKGw=="
    },
    "luxon": {
      "version": "3.2.1",
      "resolved": "https://registry.npmjs.org/luxon/-/luxon-3.2.1.tgz",
      "integrity": "sha512-QrwPArQCNLAKGO/C+ZIilgIuDnEnKx5QYODdDtbFaxzsbZcc/a7WFq7MhsVYgRlwawLtvOUESTlfJ+hc/USqPg=="
    },
    "traverse-chain": {
      "version": "0.1.0",
      "resolved": "https://registry.npmjs.org/traverse-chain/-/traverse-chain-0.1.0.tgz",
      "integrity": "sha1-YdvC1Ttp/2CRoSoWj9fUMxB+QPE="
    }
  }
}
