{
  "name": "batched-jpg-modifier",
  "version": "1.0.0",
  "lockfileVersion": 1,
  "requires": true,
  "dependencies": {
    "batch-cluster": {
      "version": "5.11.0",
      "resolved": "https://registry.npmjs.org/batch-cluster/-/batch-cluster-5.11.0.tgz",
      "integrity": "sha512-WpZqQqctj4tG7Vls8BoGdXsMOD13LRPlX++jmWB04CV+NIN8Nax+D5f4hJkfxJ00HhdnqmnLbxufJ5hPU4TmGQ=="
    },
    "exiftool-vendored": {
      "version": "11.4.0",
      "resolved": "https://registry.npmjs.org/exiftool-vendored/-/exiftool-vendored-11.4.0.tgz",
      "integrity": "sha512-vTvWI5186jYM6048C5pqFw8EAmfmc9M4ccnqT9cnK7ZyvJpjIaXqA8RHeo15aiekDkg4WEUseJakSRRoqxI9gg==",
      "requires": {
        "batch-cluster": "^5.11.0",
        "exiftool-vendored.exe": "^12.1.0",
        "exiftool-vendored.pl": "^12.1.0",
        "luxon": "^1.24.1",
        "tz-lookup": "^6.1.25"
      }
    },
    "exiftool-vendored.exe": {
      "version": "12.1.0",
      "resolved": "https://registry.npmjs.org/exiftool-vendored.exe/-/exiftool-vendored.exe-12.1.0.tgz",
      "integrity": "sha512-ENy693f7ueM33nW6xsvf9Rr8kUH2wyXFODEcpKqzXQumdWGEyEtqMjpmgct/rW7HSoKLp4Rk+RczzXmS3P7Ttg==",
      "optional": true
    },
    "exiftool-vendored.pl": {
      "version": "12.1.0",
      "resolved": "https://registry.npmjs.org/exiftool-vendored.pl/-/exiftool-vendored.pl-12.1.0.tgz",
      "integrity": "sha512-7v8+32BpPbGHqyT2I+LSTRFeS4bYeXHuodb90x6dqsPutz94+uB0cHZxoYZd9viUkpp+YPgmiXoz1mABliNUaA==",
      "optional": true
    },
    "find": {
      "version": "0.3.0",
      "resolved": "https://registry.npmjs.org/find/-/find-0.3.0.tgz",
      "integrity": "sha512-iSd+O4OEYV/I36Zl8MdYJO0xD82wH528SaCieTVHhclgiYNe9y+yPKSwK+A7/WsmHL1EZ+pYUJBXWTL5qofksw==",
      "requires": {
        "traverse-chain": "~0.1.0"
      }
    },
    "luxon": {
      "version": "1.28.1",
      "resolved": "https://registry.npmjs.org/luxon/-/luxon-1.28.1.tgz",
      "integrity": "sha512-gYHAa180mKrNIUJCbwpmD0aTu9kV0dREDrwNnuyFAsO1Wt0EVYSZelPnJlbj9HplzXX/YWXHFTL45kvZ53M0pw=="
    },
    "traverse-chain": {
      "version": "0.1.0",
      "resolved": "https://registry.npmjs.org/traverse-chain/-/traverse-chain-0.1.0.tgz",
      "integrity": "sha1-YdvC1Ttp/2CRoSoWj9fUMxB+QPE="
    },
    "tz-lookup": {
      "version": "6.1.25",
      "resolved": "https://registry.npmjs.org/tz-lookup/-/tz-lookup-6.1.25.tgz",
      "integrity": "sha512-fFewT9o1uDzsW1QnUU1ValqaihFnwiUiiHr1S79/fxOzKXYYvX+EHeRnpvQJ9B3Qg67wPXT6QF2Esc4pFOrvLg=="
    }
  }
}
