{
  "name": "batched-jpg-modifier",
  "version": "1.0.0",
  "lockfileVersion": 1,
  "requires": true,
  "dependencies": {
    "batch-cluster": {
      "version": "6.1.0",
      "resolved": "https://registry.npmjs.org/batch-cluster/-/batch-cluster-6.1.0.tgz",
      "integrity": "sha512-UTEJckl8xanAEW+4DMweKSZPgHzquF5kNU1nULSe2bFI4Z3nW54562aSEIW3POBTtCHWGxUCnk1Mx14PruhAWg=="
    },
    "exiftool-vendored": {
      "version": "14.3.0",
      "resolved": "https://registry.npmjs.org/exiftool-vendored/-/exiftool-vendored-14.3.0.tgz",
      "integrity": "sha512-qEwyt6U4NFcFxdIOyv4mAx/JJkf7zrGr9enSanTn8NPvq1hwExfs3DP9LdVR0iNWTu4AopndGQCdsL0SqynJEg==",
      "requires": {
        "batch-cluster": "^6.0.2",
        "exiftool-vendored.exe": "^12.25.0",
        "exiftool-vendored.pl": "^12.25.0",
        "he": "^1.2.0",
        "luxon": "^1.26.0",
        "tz-lookup": "^6.1.25"
      }
    },
    "exiftool-vendored.exe": {
      "version": "12.25.0",
      "resolved": "https://registry.npmjs.org/exiftool-vendored.exe/-/exiftool-vendored.exe-12.25.0.tgz",
      "integrity": "sha512-8JfXFUex8D0HtHOKA89f45IEBS2ZBMc39DvvcbK4DcT6egNLZdwduO/asHPUS9epY6iIaN2AokAdyqn8bKpzWw==",
      "optional": true
    },
    "exiftool-vendored.pl": {
      "version": "12.25.0",
      "resolved": "https://registry.npmjs.org/exiftool-vendored.pl/-/exiftool-vendored.pl-12.25.0.tgz",
      "integrity": "sha512-AqNy26adsMiNiMYxq+E4RhLNoOXo9Bc3Add/tBl8I2zkjOO/6/zGP5EiMvXFooZfb406mJ3b6sokBPxfRBA+jQ==",
      "optional": true
    },
    "find": {
      "version": "0.3.0",
      "resolved": "https://registry.npmjs.org/find/-/find-0.3.0.tgz",
      "integrity": "sha512-iSd+O4OEYV/I36Zl8MdYJO0xD82wH528SaCieTVHhclgiYNe9y+yPKSwK+A7/WsmHL1EZ+pYUJBXWTL5qofksw==",
      "requires": {
        "traverse-chain": "~0.1.0"
      }
    },
    "he": {
      "version": "1.2.0",
      "resolved": "https://registry.npmjs.org/he/-/he-1.2.0.tgz",
      "integrity": "sha512-F/1DnUGPopORZi0ni+CvrCgHQ5FyEAHRLSApuYWMmrbSwoN2Mn/7k+Gl38gJnR7yyDZk6WLXwiGod1JOWNDKGw=="
    },
    "luxon": {
      "version": "1.26.0",
      "resolved": "https://registry.npmjs.org/luxon/-/luxon-1.26.0.tgz",
      "integrity": "sha512-+V5QIQ5f6CDXQpWNICELwjwuHdqeJM1UenlZWx5ujcRMc9venvluCjFb4t5NYLhb6IhkbMVOxzVuOqkgMxee2A=="
    },
    "traverse-chain": {
      "version": "0.1.0",
      "resolved": "https://registry.npmjs.org/traverse-chain/-/traverse-chain-0.1.0.tgz",
      "integrity": "sha1-YdvC1Ttp/2CRoSoWj9fUMxB+QPE="
    },
    "tz-lookup": {
      "version": "6.1.25",
      "resolved": "https://registry.npmjs.org/tz-lookup/-/tz-lookup-6.1.25.tgz",
      "integrity": "sha512-fFewT9o1uDzsW1QnUU1ValqaihFnwiUiiHr1S79/fxOzKXYYvX+EHeRnpvQJ9B3Qg67wPXT6QF2Esc4pFOrvLg=="
    }
  }
}
